
Microsoft Visual Studio Solution File, Format Version 12.00
# Visual Studio Version 17
VisualStudioVersion = 17.3.32819.101
MinimumVisualStudioVersion = 10.0.40219.1
Project("{FAE04EC0-301F-11D3-BF4B-00C04F79EFBC}") = "JOGO DA VELHA 1", "JOGO DA VELHA 1\JOGO DA VELHA 1.csproj", "{96BB4935-3E3E-47E9-A2A8-D8EEF0DF84D6}"
EndProject
Global
	GlobalSection(SolutionConfigurationPlatforms) = preSolution
		Debug|Any CPU = Debug|Any CPU
		Release|Any CPU = Release|Any CPU
	EndGlobalSection
	GlobalSection(ProjectConfigurationPlatforms) = postSolution
		{96BB4935-3E3E-47E9-A2A8-D8EEF0DF84D6}.Debug|Any CPU.ActiveCfg = Debug|Any CPU
		{96BB4935-3E3E-47E9-A2A8-D8EEF0DF84D6}.Debug|Any CPU.Build.0 = Debug|Any CPU
		{96BB4935-3E3E-47E9-A2A8-D8EEF0DF84D6}.Release|Any CPU.ActiveCfg = Release|Any CPU
		{96BB4935-3E3E-47E9-A2A8-D8EEF0DF84D6}.Release|Any CPU.Build.0 = Release|Any CPU
	EndGlobalSection
	GlobalSection(SolutionProperties) = preSolution
		HideSolutionNode = FALSE
	EndGlobalSection
	GlobalSection(ExtensibilityGlobals) = postSolution
		SolutionGuid = {77E166F0-10C1-4F32-BDD6-A51173E250B2}
	EndGlobalSection
EndGlobal
